PODS:
  - Alamofire (3.3.0)
  - AlamofireImage (2.4.0):
    - Alamofire (~> 3.3)
  - Argo (2.3.0)
  - AsyncSwift (1.7.2)
  - Crashlytics (3.7.0):
    - Fabric (~> 1.6.3)
  - Curry (1.4.0)
  - Decodable (0.4.2)
  - Device (0.0.7)
  - DynamicColor (2.4.0)
  - Eureka (1.5.0)
  - Fabric (1.6.7)
  - KeychainAccess (2.3.5)
  - Nimble (3.2.0)
  - Quick (0.9.1)
  - R.swift (2.1.0):
    - R.swift.Library (~> 2.0.0)
  - R.swift.Library (2.0.0)
  - Realm (0.98.6):
    - Realm/Headers (= 0.98.6)
  - Realm/Headers (0.98.6)
  - RealmSwift (0.98.6):
    - Realm (= 0.98.6)
  - Result (2.0.0)
  - RxAlamofire (2.2):
    - RxAlamofire/Core (= 2.2)
  - RxAlamofire/Core (2.2):
    - Alamofire (~> 3.1)
    - RxSwift (~> 2.1)
  - RxCocoa (2.3.1):
    - RxSwift (~> 2.3.1)
  - RxSwift (2.3.1)
  - SwiftDate (3.0.8)
  - WebLinking (1.0.0)
  - XLSwiftKit (1.0.0)

DEPENDENCIES:
  - Alamofire (~> 3.0)
  - AlamofireImage (~> 2.0)
  - Argo (~> 2.0)
  - AsyncSwift (~> 1.0)
  - Crashlytics
  - Curry (~> 1.0)
  - Decodable
  - Device (~> 0.0)
  - DynamicColor (~> 2.0)
  - Eureka (~> 1.5)
  - Fabric
  - KeychainAccess (~> 2.0)
  - Nimble (~> 3.1)
  - Quick (~> 0.9)
  - R.swift (~> 2.0)
  - RealmSwift
  - Result
  - RxAlamofire (~> 2.2)
  - RxCocoa (~> 2.0)
  - RxSwift (~> 2.0)
  - SwiftDate (~> 3.0)
  - WebLinking
  - XLSwiftKit (from `git@github.com:xmartlabs/XLSwiftKit.git`, branch `master`)

EXTERNAL SOURCES:
  XLSwiftKit:
    :branch: master
    :git: git@github.com:xmartlabs/XLSwiftKit.git

CHECKOUT OPTIONS:
  XLSwiftKit:
    :commit: 948ca7b8be9d1fac1854c5cb472dad67f1af61a2
    :git: git@github.com:xmartlabs/XLSwiftKit.git

SPEC CHECKSUMS:
  Alamofire: 9054db4a1b1ca9e363223183e01cea380159a27c
  AlamofireImage: 87408b652e0f5ae5fe364035f15aea8b9b24c77e
  Argo: 3dbecf4204b1a3cdd1df88ebd5e23d01b652d34b
  AsyncSwift: 46a78bceb11f0e5bb52747f740d9692ec78d2d7c
  Crashlytics: c3a2333dea9e2733d2777f730910321fc9e25c0d
  Curry: 294533187eedbf52db60a1e70c29b4f5c9f621c0
  Decodable: b1cd96ad9f722721bc98b0310952214a47f71d6a
  Device: a476728f5aee9abf5b9573e3fa8c77de030d0b12
  DynamicColor: 2f3fd61053684667bad9f03045dcf9a2a5a007ea
  Eureka: 2fb37bb50569c62ee3284689d5b7aca694b040e0
  Fabric: caf7580c725e64db144f610ac65cd60956911dc7
  KeychainAccess: e283c1981a6c5655e1984cd411c6faf16fa165ae
  Nimble: 703854335d181df169bbca9c97117b5cf8c47c1d
  Quick: a5221fc21788b6aeda934805e68b061839bc3165
  R.swift: efff131531b5cf142e28fd94957806ff71ccbcf2
  R.swift.Library: 9f4b2d12040daa1ffe336d8f7e1574f73721fd01
  Realm: 44803f35418c5d89b27825a564247fcd190de37e
  RealmSwift: c7239c52c83f8c43525a5269ba7be1694da33afc
  Result: 9e75e1111c774c6ac594e14907b15057053a7959
  RxAlamofire: 250b7846cedbd189d6190e4f83caa01ee1f1eceb
  RxCocoa: a2baaf3462b989559a51dce59d78fbebb8fe0afa
  RxSwift: 829b2843e9eddc77a02cb3f5117f0d55f8f646f1
  SwiftDate: 971f8b9394f664f2226b9c3ab64e801a7291c612
  WebLinking: d5b5ab4f7305bcf29821deb5cecd775f6c37efae
  XLSwiftKit: 34ff733bc7b36608cfa9f8519fe3913f8da99967

COCOAPODS: 0.39.0
